
Microsoft Visual Studio Solution File, Format Version 12.00
# Visual Studio Version 17
VisualStudioVersion = 17.10.34928.147
MinimumVisualStudioVersion = 10.0.40219.1
Project("{FAE04EC0-301F-11D3-BF4B-00C04F79EFBC}") = "ConsoleApp1", "ConsoleApp1\ConsoleApp1.csproj", "{292BE570-90FC-4DB8-803E-18C568BAA531}"
EndProject
Global
	GlobalSection(SolutionConfigurationPlatforms) = preSolution
		Debug|Any CPU = Debug|Any CPU
		Release|Any CPU = Release|Any CPU
	EndGlobalSection
	GlobalSection(ProjectConfigurationPlatforms) = postSolution
		{292BE570-90FC-4DB8-803E-18C568BAA531}.Debug|Any CPU.ActiveCfg = Debug|Any CPU
		{292BE570-90FC-4DB8-803E-18C568BAA531}.Debug|Any CPU.Build.0 = Debug|Any CPU
		{292BE570-90FC-4DB8-803E-18C568BAA531}.Release|Any CPU.ActiveCfg = Release|Any CPU
		{292BE570-90FC-4DB8-803E-18C568BAA531}.Release|Any CPU.Build.0 = Release|Any CPU
	EndGlobalSection
	GlobalSection(SolutionProperties) = preSolution
		HideSolutionNode = FALSE
	EndGlobalSection
	GlobalSection(ExtensibilityGlobals) = postSolution
		SolutionGuid = {FCF8D35C-3CDF-40E8-9539-F1E0A8A3E42C}
	EndGlobalSection
EndGlobal
